
Microsoft Visual Studio Solution File, Format Version 12.00
# Visual Studio 15
Project("{FAE04EC0-301F-11D3-BF4B-00C04F79EFBC}") = "travel-service", "travel-service\travel-service.csproj", "{B0424F97-7CA2-4A2F-9055-D0C5E8D5A399}"
EndProject
Global
	GlobalSection(SolutionConfigurationPlatforms) = preSolution
		Debug|Any CPU = Debug|Any CPU
		Release|Any CPU = Release|Any CPU
	EndGlobalSection
	GlobalSection(ProjectConfigurationPlatforms) = postSolution
		{B0424F97-7CA2-4A2F-9055-D0C5E8D5A399}.Debug|Any CPU.ActiveCfg = Debug|Any CPU
		{B0424F97-7CA2-4A2F-9055-D0C5E8D5A399}.Debug|Any CPU.Build.0 = Debug|Any CPU
		{B0424F97-7CA2-4A2F-9055-D0C5E8D5A399}.Release|Any CPU.ActiveCfg = Release|Any CPU
		{B0424F97-7CA2-4A2F-9055-D0C5E8D5A399}.Release|Any CPU.Build.0 = Release|Any CPU
	EndGlobalSection
EndGlobal
